
Microsoft Visual Studio Solution File, Format Version 12.00
# Visual Studio Version 17
VisualStudioVersion = 17.10.35004.147
MinimumVisualStudioVersion = 10.0.40219.1
Project("{FAE04EC0-301F-11D3-BF4B-00C04F79EFBC}") = "K22CNT3_PHAMCONGHIEU_PROJECT2", "K22CNT3_PHAMCONGHIEU_PROJECT2\K22CNT3_PHAMCONGHIEU_PROJECT2.csproj", "{C81FE2C6-D619-4D1E-9E77-263416180C20}"
EndProject
Global
	GlobalSection(SolutionConfigurationPlatforms) = preSolution
		Debug|Any CPU = Debug|Any CPU
		Release|Any CPU = Release|Any CPU
	EndGlobalSection
	GlobalSection(ProjectConfigurationPlatforms) = postSolution
		{C81FE2C6-D619-4D1E-9E77-263416180C20}.Debug|Any CPU.ActiveCfg = Debug|Any CPU
		{C81FE2C6-D619-4D1E-9E77-263416180C20}.Debug|Any CPU.Build.0 = Debug|Any CPU
		{C81FE2C6-D619-4D1E-9E77-263416180C20}.Release|Any CPU.ActiveCfg = Release|Any CPU
		{C81FE2C6-D619-4D1E-9E77-263416180C20}.Release|Any CPU.Build.0 = Release|Any CPU
	EndGlobalSection
	GlobalSection(SolutionProperties) = preSolution
		HideSolutionNode = FALSE
	EndGlobalSection
	GlobalSection(ExtensibilityGlobals) = postSolution
		SolutionGuid = {0C1E14DA-01F9-4AE7-8421-F980EC3B0003}
	EndGlobalSection
EndGlobal
